<Solution>
  <Folder Name="/NewFolder1/" />
  <Folder Name="/Solution Items/">
    <File Path="README.md" />
    <Project Path="bench/RaceBench/RaceBench.csproj" />
  </Folder>
  <Folder Name="/src/">
    <Project Path="src/GenesisNova.csproj" />
  </Folder>
  <Folder Name="/Tests/">
    <Project Path="Tests/GenesisNova.Tests.csproj" />
  </Folder>
</Solution>
